// !$*UTF8*$!
{
	archiveVersion = 1;
	classes = {
	};
	objectVersion = 50;
	objects = {

/* Begin PBXBuildFile section */
		174AFD64216EF490002A61D4 /* AppDelegate.swift in Sources */ = {isa = PBXBuildFile; fileRef = 174AFD63216EF490002A61D4 /* AppDelegate.swift */; };
		174AFD66216EF490002A61D4 /* ViewController.swift in Sources */ = {isa = PBXBuildFile; fileRef = 174AFD65216EF490002A61D4 /* ViewController.swift */; };
		174AFD69216EF490002A61D4 /* Main.storyboard in Resources */ = {isa = PBXBuildFile; fileRef = 174AFD67216EF490002A61D4 /* Main.storyboard */; };
		174AFD6B216EF493002A61D4 /* Assets.xcassets in Resources */ = {isa = PBXBuildFile; fileRef = 174AFD6A216EF493002A61D4 /* Assets.xcassets */; };
		174AFD6E216EF493002A61D4 /* LaunchScreen.storyboard in Resources */ = {isa = PBXBuildFile; fileRef = 174AFD6C216EF493002A61D4 /* LaunchScreen.storyboard */; };
		174AFD79216EF608002A61D4 /* Profile.storyboard in Resources */ = {isa = PBXBuildFile; fileRef = 174AFD78216EF608002A61D4 /* Profile.storyboard */; };
		174AFD7C21703D4B002A61D4 /* ProfileNavigationView.xib in Resources */ = {isa = PBXBuildFile; fileRef = 174AFD7B21703D4B002A61D4 /* ProfileNavigationView.xib */; };
		174AFD7E21703D5A002A61D4 /* ProfileNavigationView.swift in Sources */ = {isa = PBXBuildFile; fileRef = 174AFD7D21703D5A002A61D4 /* ProfileNavigationView.swift */; };
		174AFD8021705029002A61D4 /* ProfileViewController.swift in Sources */ = {isa = PBXBuildFile; fileRef = 174AFD7F21705029002A61D4 /* ProfileViewController.swift */; };
		178830DD217725CB0072FAD0 /* ProfileContentsCollectionViewCell.swift in Sources */ = {isa = PBXBuildFile; fileRef = 178830D1217725CB0072FAD0 /* ProfileContentsCollectionViewCell.swift */; };
		178830DE217725CB0072FAD0 /* ProfileContentsCollectionViewCell.xib in Resources */ = {isa = PBXBuildFile; fileRef = 178830D2217725CB0072FAD0 /* ProfileContentsCollectionViewCell.xib */; };
		178830E0217725CB0072FAD0 /* ProfileContents.storyboard in Resources */ = {isa = PBXBuildFile; fileRef = 178830D4217725CB0072FAD0 /* ProfileContents.storyboard */; };
		178830E2217727470072FAD0 /* ProfileContentsViewController.swift in Sources */ = {isa = PBXBuildFile; fileRef = 178830E1217727470072FAD0 /* ProfileContentsViewController.swift */; };
		178830F821772A800072FAD0 /* TweetViewController.swift in Sources */ = {isa = PBXBuildFile; fileRef = 178830F721772A800072FAD0 /* TweetViewController.swift */; };
		178830FA21772A980072FAD0 /* Tweet.storyboard in Resources */ = {isa = PBXBuildFile; fileRef = 178830F921772A980072FAD0 /* Tweet.storyboard */; };
/* End PBXBuildFile section */

/* Begin PBXFileReference section */
		174AFD60216EF490002A61D4 /* TwitterLikeProfileView.app */ = {isa = PBXFileReference; explicitFileType = wrapper.application; includeInIndex = 0; path = TwitterLikeProfileView.app; sourceTree = BUILT_PRODUCTS_DIR; };
		174AFD63216EF490002A61D4 /* AppDelegate.swift */ = {isa = PBXFileReference; lastKnownFileType = sourcecode.swift; path = AppDelegate.swift; sourceTree = "<group>"; };
		174AFD65216EF490002A61D4 /* ViewController.swift */ = {isa = PBXFileReference; lastKnownFileType = sourcecode.swift; path = ViewController.swift; sourceTree = "<group>"; };
		174AFD68216EF490002A61D4 /* Base */ = {isa = PBXFileReference; lastKnownFileType = file.storyboard; name = Base; path = Base.lproj/Main.storyboard; sourceTree = "<group>"; };
		174AFD6A216EF493002A61D4 /* Assets.xcassets */ = {isa = PBXFileReference; lastKnownFileType = folder.assetcatalog; path = Assets.xcassets; sourceTree = "<group>"; };
		174AFD6D216EF493002A61D4 /* Base */ = {isa = PBXFileReference; lastKnownFileType = file.storyboard; name = Base; path = Base.lproj/LaunchScreen.storyboard; sourceTree = "<group>"; };
		174AFD6F216EF493002A61D4 /* Info.plist */ = {isa = PBXFileReference; lastKnownFileType = text.plist.xml; path = Info.plist; sourceTree = "<group>"; };
		174AFD78216EF608002A61D4 /* Profile.storyboard */ = {isa = PBXFileReference; lastKnownFileType = file.storyboard; path = Profile.storyboard; sourceTree = "<group>"; };
		174AFD7B21703D4B002A61D4 /* ProfileNavigationView.xib */ = {isa = PBXFileReference; lastKnownFileType = file.xib; path = ProfileNavigationView.xib; sourceTree = "<group>"; };
		174AFD7D21703D5A002A61D4 /* ProfileNavigationView.swift */ = {isa = PBXFileReference; lastKnownFileType = sourcecode.swift; path = ProfileNavigationView.swift; sourceTree = "<group>"; };
		174AFD7F21705029002A61D4 /* ProfileViewController.swift */ = {isa = PBXFileReference; lastKnownFileType = sourcecode.swift; path = ProfileViewController.swift; sourceTree = "<group>"; };
		178830D1217725CB0072FAD0 /* ProfileContentsCollectionViewCell.swift */ = {isa = PBXFileReference; fileEncoding = 4; lastKnownFileType = sourcecode.swift; path = ProfileContentsCollectionViewCell.swift; sourceTree = "<group>"; };
		178830D2217725CB0072FAD0 /* ProfileContentsCollectionViewCell.xib */ = {isa = PBXFileReference; fileEncoding = 4; lastKnownFileType = file.xib; path = ProfileContentsCollectionViewCell.xib; sourceTree = "<group>"; };
		178830D4217725CB0072FAD0 /* ProfileContents.storyboard */ = {isa = PBXFileReference; fileEncoding = 4; lastKnownFileType = file.storyboard; path = ProfileContents.storyboard; sourceTree = "<group>"; };
		178830E1217727470072FAD0 /* ProfileContentsViewController.swift */ = {isa = PBXFileReference; fileEncoding = 4; lastKnownFileType = sourcecode.swift; path = ProfileContentsViewController.swift; sourceTree = "<group>"; };
		178830F721772A800072FAD0 /* TweetViewController.swift */ = {isa = PBXFileReference; lastKnownFileType = sourcecode.swift; path = TweetViewController.swift; sourceTree = "<group>"; };
		178830F921772A980072FAD0 /* Tweet.storyboard */ = {isa = PBXFileReference; lastKnownFileType = file.storyboard; path = Tweet.storyboard; sourceTree = "<group>"; };
/* End PBXFileReference section */

/* Begin PBXFrameworksBuildPhase section */
		174AFD5D216EF490002A61D4 /* Frameworks */ = {
			isa = PBXFrameworksBuildPhase;
			buildActionMask = 2147483647;
			files = (
			);
			runOnlyForDeploymentPostprocessing = 0;
		};
/* End PBXFrameworksBuildPhase section */

/* Begin PBXGroup section */
		174AFD57216EF490002A61D4 = {
			isa = PBXGroup;
			children = (
				174AFD62216EF490002A61D4 /* TwitterLikeProfileView */,
				174AFD61216EF490002A61D4 /* Products */,
			);
			sourceTree = "<group>";
		};
		174AFD61216EF490002A61D4 /* Products */ = {
			isa = PBXGroup;
			children = (
				174AFD60216EF490002A61D4 /* TwitterLikeProfileView.app */,
			);
			name = Products;
			sourceTree = "<group>";
		};
		174AFD62216EF490002A61D4 /* TwitterLikeProfileView */ = {
			isa = PBXGroup;
			children = (
				174AFD63216EF490002A61D4 /* AppDelegate.swift */,
				174AFD65216EF490002A61D4 /* ViewController.swift */,
				174AFD67216EF490002A61D4 /* Main.storyboard */,
				174AFD6C216EF493002A61D4 /* LaunchScreen.storyboard */,
				174AFD75216EF533002A61D4 /* ProfileView */,
				174AFD76216EF54A002A61D4 /* Resouces */,
				174AFD77216EF5C2002A61D4 /* Project Setting */,
			);
			path = TwitterLikeProfileView;
			sourceTree = "<group>";
		};
		174AFD75216EF533002A61D4 /* ProfileView */ = {
			isa = PBXGroup;
			children = (
				174AFD7F21705029002A61D4 /* ProfileViewController.swift */,
				174AFD78216EF608002A61D4 /* Profile.storyboard */,
				174AFD7A21703D16002A61D4 /* Navigation */,
				17FB5D4C2177058900D9DEBE /* Segment */,
				178830C32177255B0072FAD0 /* Contents */,
			);
			path = ProfileView;
			sourceTree = "<group>";
		};
		174AFD76216EF54A002A61D4 /* Resouces */ = {
			isa = PBXGroup;
			children = (
				174AFD6A216EF493002A61D4 /* Assets.xcassets */,
			);
			path = Resouces;
			sourceTree = "<group>";
		};
		174AFD77216EF5C2002A61D4 /* Project Setting */ = {
			isa = PBXGroup;
			children = (
				174AFD6F216EF493002A61D4 /* Info.plist */,
			);
			name = "Project Setting";
			sourceTree = "<group>";
		};
		174AFD7A21703D16002A61D4 /* Navigation */ = {
			isa = PBXGroup;
			children = (
				174AFD7D21703D5A002A61D4 /* ProfileNavigationView.swift */,
				174AFD7B21703D4B002A61D4 /* ProfileNavigationView.xib */,
			);
			path = Navigation;
			sourceTree = "<group>";
		};
		178830C32177255B0072FAD0 /* Contents */ = {
			isa = PBXGroup;
			children = (
				178830E1217727470072FAD0 /* ProfileContentsViewController.swift */,
				178830D4217725CB0072FAD0 /* ProfileContents.storyboard */,
				178830D0217725CB0072FAD0 /* Cell */,
				178830F621772A320072FAD0 /* Tweet */,
			);
			path = Contents;
			sourceTree = "<group>";
		};
		178830D0217725CB0072FAD0 /* Cell */ = {
			isa = PBXGroup;
			children = (
				178830D1217725CB0072FAD0 /* ProfileContentsCollectionViewCell.swift */,
				178830D2217725CB0072FAD0 /* ProfileContentsCollectionViewCell.xib */,
			);
			path = Cell;
			sourceTree = "<group>";
		};
		178830F621772A320072FAD0 /* Tweet */ = {
			isa = PBXGroup;
			children = (
				178830F721772A800072FAD0 /* TweetViewController.swift */,
				178830F921772A980072FAD0 /* Tweet.storyboard */,
			);
			path = Tweet;
			sourceTree = "<group>";
		};
		17FB5D4C2177058900D9DEBE /* Segment */ = {
			isa = PBXGroup;
			children = (
			);
			path = Segment;
			sourceTree = "<group>";
		};
/* End PBXGroup section */

/* Begin PBXNativeTarget section */
		174AFD5F216EF490002A61D4 /* TwitterLikeProfileView */ = {
			isa = PBXNativeTarget;
			buildConfigurationList = 174AFD72216EF493002A61D4 /* Build configuration list for PBXNativeTarget "TwitterLikeProfileView" */;
			buildPhases = (
				174AFD5C216EF490002A61D4 /* Sources */,
				174AFD5D216EF490002A61D4 /* Frameworks */,
				174AFD5E216EF490002A61D4 /* Resources */,
			);
			buildRules = (
			);
			dependencies = (
			);
			name = TwitterLikeProfileView;
			productName = TwitterLikeProfileView;
			productReference = 174AFD60216EF490002A61D4 /* TwitterLikeProfileView.app */;
			productType = "com.apple.product-type.application";
		};
/* End PBXNativeTarget section */

/* Begin PBXProject section */
		174AFD58216EF490002A61D4 /* Project object */ = {
			isa = PBXProject;
			attributes = {
				LastSwiftUpdateCheck = 1000;
				LastUpgradeCheck = 1000;
				ORGANIZATIONNAME = "Teruki Nakano";
				TargetAttributes = {
					174AFD5F216EF490002A61D4 = {
						CreatedOnToolsVersion = 10.0;
					};
				};
			};
			buildConfigurationList = 174AFD5B216EF490002A61D4 /* Build configuration list for PBXProject "TwitterLikeProfileView" */;
			compatibilityVersion = "Xcode 9.3";
			developmentRegion = en;
			hasScannedForEncodings = 0;
			knownRegions = (
				en,
				Base,
			);
			mainGroup = 174AFD57216EF490002A61D4;
			productRefGroup = 174AFD61216EF490002A61D4 /* Products */;
			projectDirPath = "";
			projectRoot = "";
			targets = (
				174AFD5F216EF490002A61D4 /* TwitterLikeProfileView */,
			);
		};
/* End PBXProject section */

/* Begin PBXResourcesBuildPhase section */
		174AFD5E216EF490002A61D4 /* Resources */ = {
			isa = PBXResourcesBuildPhase;
			buildActionMask = 2147483647;
			files = (
				174AFD6E216EF493002A61D4 /* LaunchScreen.storyboard in Resources */,
				174AFD6B216EF493002A61D4 /* Assets.xcassets in Resources */,
				178830FA21772A980072FAD0 /* Tweet.storyboard in Resources */,
				174AFD79216EF608002A61D4 /* Profile.storyboard in Resources */,
				178830DE217725CB0072FAD0 /* ProfileContentsCollectionViewCell.xib in Resources */,
				178830E0217725CB0072FAD0 /* ProfileContents.storyboard in Resources */,
				174AFD7C21703D4B002A61D4 /* ProfileNavigationView.xib in Resources */,
				174AFD69216EF490002A61D4 /* Main.storyboard in Resources */,
			);
			runOnlyForDeploymentPostprocessing = 0;
		};
/* End PBXResourcesBuildPhase section */

/* Begin PBXSourcesBuildPhase section */
		174AFD5C216EF490002A61D4 /* Sources */ = {
			isa = PBXSourcesBuildPhase;
			buildActionMask = 2147483647;
			files = (
				174AFD66216EF490002A61D4 /* ViewController.swift in Sources */,
				178830F821772A800072FAD0 /* TweetViewController.swift in Sources */,
				174AFD7E21703D5A002A61D4 /* ProfileNavigationView.swift in Sources */,
				178830DD217725CB0072FAD0 /* ProfileContentsCollectionViewCell.swift in Sources */,
				174AFD8021705029002A61D4 /* ProfileViewController.swift in Sources */,
				178830E2217727470072FAD0 /* ProfileContentsViewController.swift in Sources */,
				174AFD64216EF490002A61D4 /* AppDelegate.swift in Sources */,
			);
			runOnlyForDeploymentPostprocessing = 0;
		};
/* End PBXSourcesBuildPhase section */

/* Begin PBXVariantGroup section */
		174AFD67216EF490002A61D4 /* Main.storyboard */ = {
			isa = PBXVariantGroup;
			children = (
				174AFD68216EF490002A61D4 /* Base */,
			);
			name = Main.storyboard;
			sourceTree = "<group>";
		};
		174AFD6C216EF493002A61D4 /* LaunchScreen.storyboard */ = {
			isa = PBXVariantGroup;
			children = (
				174AFD6D216EF493002A61D4 /* Base */,
			);
			name = LaunchScreen.storyboard;
			sourceTree = "<group>";
		};
/* End PBXVariantGroup section */

/* Begin XCBuildConfiguration section */
		174AFD70216EF493002A61D4 /* Debug */ = {
			isa = XCBuildConfiguration;
			buildSettings = {
				ALWAYS_SEARCH_USER_PATHS = NO;
				CLANG_ANALYZER_NONNULL = YES;
				CLANG_ANALYZER_NUMBER_OBJECT_CONVERSION = YES_AGGRESSIVE;
				CLANG_CXX_LANGUAGE_STANDARD = "gnu++14";
				CLANG_CXX_LIBRARY = "libc++";
				CLANG_ENABLE_MODULES = YES;
				CLANG_ENABLE_OBJC_ARC = YES;
				CLANG_ENABLE_OBJC_WEAK = YES;
				CLANG_WARN_BLOCK_CAPTURE_AUTORELEASING = YES;
				CLANG_WARN_BOOL_CONVERSION = YES;
				CLANG_WARN_COMMA = YES;
				CLANG_WARN_CONSTANT_CONVERSION = YES;
				CLANG_WARN_DEPRECATED_OBJC_IMPLEMENTATIONS = YES;
				CLANG_WARN_DIRECT_OBJC_ISA_USAGE = YES_ERROR;
				CLANG_WARN_DOCUMENTATION_COMMENTS = YES;
				CLANG_WARN_EMPTY_BODY = YES;
				CLANG_WARN_ENUM_CONVERSION = YES;
				CLANG_WARN_INFINITE_RECURSION = YES;
				CLANG_WARN_INT_CONVERSION = YES;
				CLANG_WARN_NON_LITERAL_NULL_CONVERSION = YES;
				CLANG_WARN_OBJC_IMPLICIT_RETAIN_SELF = YES;
				CLANG_WARN_OBJC_LITERAL_CONVERSION = YES;
				CLANG_WARN_OBJC_ROOT_CLASS = YES_ERROR;
				CLANG_WARN_RANGE_LOOP_ANALYSIS = YES;
				CLANG_WARN_STRICT_PROTOTYPES = YES;
				CLANG_WARN_SUSPICIOUS_MOVE = YES;
				CLANG_WARN_UNGUARDED_AVAILABILITY = YES_AGGRESSIVE;
				CLANG_WARN_UNREACHABLE_CODE = YES;
				CLANG_WARN__DUPLICATE_METHOD_MATCH = YES;
				CODE_SIGN_IDENTITY = "iPhone Developer";
				COPY_PHASE_STRIP = NO;
				DEBUG_INFORMATION_FORMAT = dwarf;
				ENABLE_STRICT_OBJC_MSGSEND = YES;
				ENABLE_TESTABILITY = YES;
				GCC_C_LANGUAGE_STANDARD = gnu11;
				GCC_DYNAMIC_NO_PIC = NO;
				GCC_NO_COMMON_BLOCKS = YES;
				GCC_OPTIMIZATION_LEVEL = 0;
				GCC_PREPROCESSOR_DEFINITIONS = (
					"DEBUG=1",
					"$(inherited)",
				);
				GCC_WARN_64_TO_32_BIT_CONVERSION = YES;
				GCC_WARN_ABOUT_RETURN_TYPE = YES_ERROR;
				GCC_WARN_UNDECLARED_SELECTOR = YES;
				GCC_WARN_UNINITIALIZED_AUTOS = YES_AGGRESSIVE;
				GCC_WARN_UNUSED_FUNCTION = YES;
				GCC_WARN_UNUSED_VARIABLE = YES;
				IPHONEOS_DEPLOYMENT_TARGET = 12.0;
				MTL_ENABLE_DEBUG_INFO = INCLUDE_SOURCE;
				MTL_FAST_MATH = YES;
				ONLY_ACTIVE_ARCH = YES;
				SDKROOT = iphoneos;
				SWIFT_ACTIVE_COMPILATION_CONDITIONS = DEBUG;
				SWIFT_OPTIMIZATION_LEVEL = "-Onone";
			};
			name = Debug;
		};
		174AFD71216EF493002A61D4 /* Release */ = {
			isa = XCBuildConfiguration;
			buildSettings = {
				ALWAYS_SEARCH_USER_PATHS = NO;
				CLANG_ANALYZER_NONNULL = YES;
				CLANG_ANALYZER_NUMBER_OBJECT_CONVERSION = YES_AGGRESSIVE;
				CLANG_CXX_LANGUAGE_STANDARD = "gnu++14";
				CLANG_CXX_LIBRARY = "libc++";
				CLANG_ENABLE_MODULES = YES;
				CLANG_ENABLE_OBJC_ARC = YES;
				CLANG_ENABLE_OBJC_WEAK = YES;
				CLANG_WARN_BLOCK_CAPTURE_AUTORELEASING = YES;
				CLANG_WARN_BOOL_CONVERSION = YES;
				CLANG_WARN_COMMA = YES;
				CLANG_WARN_CONSTANT_CONVERSION = YES;
				CLANG_WARN_DEPRECATED_OBJC_IMPLEMENTATIONS = YES;
				CLANG_WARN_DIRECT_OBJC_ISA_USAGE = YES_ERROR;
				CLANG_WARN_DOCUMENTATION_COMMENTS = YES;
				CLANG_WARN_EMPTY_BODY = YES;
				CLANG_WARN_ENUM_CONVERSION = YES;
				CLANG_WARN_INFINITE_RECURSION = YES;
				CLANG_WARN_INT_CONVERSION = YES;
				CLANG_WARN_NON_LITERAL_NULL_CONVERSION = YES;
				CLANG_WARN_OBJC_IMPLICIT_RETAIN_SELF = YES;
				CLANG_WARN_OBJC_LITERAL_CONVERSION = YES;
				CLANG_WARN_OBJC_ROOT_CLASS = YES_ERROR;
				CLANG_WARN_RANGE_LOOP_ANALYSIS = YES;
				CLANG_WARN_STRICT_PROTOTYPES = YES;
				CLANG_WARN_SUSPICIOUS_MOVE = YES;
				CLANG_WARN_UNGUARDED_AVAILABILITY = YES_AGGRESSIVE;
				CLANG_WARN_UNREACHABLE_CODE = YES;
				CLANG_WARN__DUPLICATE_METHOD_MATCH = YES;
				CODE_SIGN_IDENTITY = "iPhone Developer";
				COPY_PHASE_STRIP = NO;
				DEBUG_INFORMATION_FORMAT = "dwarf-with-dsym";
				ENABLE_NS_ASSERTIONS = NO;
				ENABLE_STRICT_OBJC_MSGSEND = YES;
				GCC_C_LANGUAGE_STANDARD = gnu11;
				GCC_NO_COMMON_BLOCKS = YES;
				GCC_WARN_64_TO_32_BIT_CONVERSION = YES;
				GCC_WARN_ABOUT_RETURN_TYPE = YES_ERROR;
				GCC_WARN_UNDECLARED_SELECTOR = YES;
				GCC_WARN_UNINITIALIZED_AUTOS = YES_AGGRESSIVE;
				GCC_WARN_UNUSED_FUNCTION = YES;
				GCC_WARN_UNUSED_VARIABLE = YES;
				IPHONEOS_DEPLOYMENT_TARGET = 12.0;
				MTL_ENABLE_DEBUG_INFO = NO;
				MTL_FAST_MATH = YES;
				SDKROOT = iphoneos;
				SWIFT_COMPILATION_MODE = wholemodule;
				SWIFT_OPTIMIZATION_LEVEL = "-O";
				VALIDATE_PRODUCT = YES;
			};
			name = Release;
		};
		174AFD73216EF493002A61D4 /* Debug */ = {
			isa = XCBuildConfiguration;
			buildSettings = {
				ASSETCATALOG_COMPILER_APPICON_NAME = AppIcon;
				CODE_SIGN_IDENTITY = "iPhone Developer";
				CODE_SIGN_STYLE = Automatic;
				DEVELOPMENT_TEAM = LEKYLHW8W5;
				INFOPLIST_FILE = TwitterLikeProfileView/Info.plist;
				IPHONEOS_DEPLOYMENT_TARGET = 11.0;
				LD_RUNPATH_SEARCH_PATHS = (
					"$(inherited)",
					"@executable_path/Frameworks",
				);
				PRODUCT_BUNDLE_IDENTIFIER = Teruki.Nakano.TwitterLikeProfileView;
				PRODUCT_NAME = "$(TARGET_NAME)";
				PROVISIONING_PROFILE_SPECIFIER = "";
				SWIFT_VERSION = 4.2;
				TARGETED_DEVICE_FAMILY = "1,2";
			};
			name = Debug;
		};
		174AFD74216EF493002A61D4 /* Release */ = {
			isa = XCBuildConfiguration;
			buildSettings = {
				ASSETCATALOG_COMPILER_APPICON_NAME = AppIcon;
				CODE_SIGN_IDENTITY = "iPhone Developer";
				CODE_SIGN_STYLE = Automatic;
				DEVELOPMENT_TEAM = LEKYLHW8W5;
				INFOPLIST_FILE = TwitterLikeProfileView/Info.plist;
				IPHONEOS_DEPLOYMENT_TARGET = 11.0;
				LD_RUNPATH_SEARCH_PATHS = (
					"$(inherited)",
					"@executable_path/Frameworks",
				);
				PRODUCT_BUNDLE_IDENTIFIER = Teruki.Nakano.TwitterLikeProfileView;
				PRODUCT_NAME = "$(TARGET_NAME)";
				PROVISIONING_PROFILE_SPECIFIER = "";
				SWIFT_VERSION = 4.2;
				TARGETED_DEVICE_FAMILY = "1,2";
			};
			name = Release;
		};
/* End XCBuildConfiguration section */

/* Begin XCConfigurationList section */
		174AFD5B216EF490002A61D4 /* Build configuration list for PBXProject "TwitterLikeProfileView" */ = {
			isa = XCConfigurationList;
			buildConfigurations = (
				174AFD70216EF493002A61D4 /* Debug */,
				174AFD71216EF493002A61D4 /* Release */,
			);
			defaultConfigurationIsVisible = 0;
			defaultConfigurationName = Release;
		};
		174AFD72216EF493002A61D4 /* Build configuration list for PBXNativeTarget "TwitterLikeProfileView" */ = {
			isa = XCConfigurationList;
			buildConfigurations = (
				174AFD73216EF493002A61D4 /* Debug */,
				174AFD74216EF493002A61D4 /* Release */,
			);
			defaultConfigurationIsVisible = 0;
			defaultConfigurationName = Release;
		};
/* End XCConfigurationList section */
	};
	rootObject = 174AFD58216EF490002A61D4 /* Project object */;
}
